
Microsoft Visual Studio Solution File, Format Version 12.00
# Visual Studio Version 16
VisualStudioVersion = 16.0.29403.142
MinimumVisualStudioVersion = 10.0.40219.1
Project("{FAE04EC0-301F-11D3-BF4B-00C04F79EFBC}") = "EjLenguajeNatural", "EjLenguajeNatural\EjLenguajeNatural.csproj", "{99B00A92-855E-4E82-A2C3-3521B2727CE5}"
EndProject
Global
	GlobalSection(SolutionConfigurationPlatforms) = preSolution
		Debug|Any CPU = Debug|Any CPU
		Release|Any CPU = Release|Any CPU
	EndGlobalSection
	GlobalSection(ProjectConfigurationPlatforms) = postSolution
		{99B00A92-855E-4E82-A2C3-3521B2727CE5}.Debug|Any CPU.ActiveCfg = Debug|Any CPU
		{99B00A92-855E-4E82-A2C3-3521B2727CE5}.Debug|Any CPU.Build.0 = Debug|Any CPU
		{99B00A92-855E-4E82-A2C3-3521B2727CE5}.Release|Any CPU.ActiveCfg = Release|Any CPU
		{99B00A92-855E-4E82-A2C3-3521B2727CE5}.Release|Any CPU.Build.0 = Release|Any CPU
	EndGlobalSection
	GlobalSection(SolutionProperties) = preSolution
		HideSolutionNode = FALSE
	EndGlobalSection
	GlobalSection(ExtensibilityGlobals) = postSolution
		SolutionGuid = {2BABB9D9-37C2-45F5-9C36-AC4BFEEB2BCF}
	EndGlobalSection
EndGlobal
