
Microsoft Visual Studio Solution File, Format Version 12.00
# Visual Studio Version 16
VisualStudioVersion = 16.0.32106.194
MinimumVisualStudioVersion = 10.0.40219.1
Project("{FAE04EC0-301F-11D3-BF4B-00C04F79EFBC}") = "Project22", "Project22.csproj", "{971114F1-CC76-4841-B028-2CAC618142B0}"
EndProject
Global
	GlobalSection(SolutionConfigurationPlatforms) = preSolution
		Debug|Any CPU = Debug|Any CPU
		Release|Any CPU = Release|Any CPU
	EndGlobalSection
	GlobalSection(ProjectConfigurationPlatforms) = postSolution
		{971114F1-CC76-4841-B028-2CAC618142B0}.Debug|Any CPU.ActiveCfg = Debug|Any CPU
		{971114F1-CC76-4841-B028-2CAC618142B0}.Debug|Any CPU.Build.0 = Debug|Any CPU
		{971114F1-CC76-4841-B028-2CAC618142B0}.Release|Any CPU.ActiveCfg = Release|Any CPU
		{971114F1-CC76-4841-B028-2CAC618142B0}.Release|Any CPU.Build.0 = Release|Any CPU
	EndGlobalSection
	GlobalSection(SolutionProperties) = preSolution
		HideSolutionNode = FALSE
	EndGlobalSection
	GlobalSection(ExtensibilityGlobals) = postSolution
		SolutionGuid = {563FE578-4716-46E6-8B5A-B82B94CA99C6}
	EndGlobalSection
EndGlobal
